{
  "name": "artboard-tricks-figma-plugin",
  "version": "1.0.0",
  "lockfileVersion": 2,
  "requires": true,
  "packages": {
    "": {
      "name": "artboard-tricks-figma-plugin",
      "version": "1.0.0",
      "dependencies": {
        "classnames": "^2.2.6",
        "figma-messenger": "^1.0.5",
        "react": "^16.13.0",
        "react-dom": "^16.13.0",
        "react-figma-plugin-ds": "^2.2.0"
      },
      "devDependencies": {
        "@figma/plugin-typings": "^1.23.0",
        "figpack": "file:../lib/figpack"
      }
    },
    "../lib/figpack": {
      "version": "0.1.4",
      "dev": true,
      "license": "Apache-2.0",
      "dependencies": {
        "@babel/core": "^7.14.2",
        "babel-loader": "^8.2.2",
        "babel-preset-env": "^1.7.0",
        "chokidar": "^3.5.1",
        "classnames": "^2.3.1",
        "css-loader": "^5.2.4",
        "html-loader": "^2.1.2",
        "node-sass": "^6.0.0",
        "raw-loader": "^4.0.2",
        "sass-loader": "^11.1.1",
        "style-loader": "^2.0.0",
        "tmp": "^0.2.1",
        "ts-loader": "^9.1.2",
        "webpack": "^5.37.0",
        "yargs": "^17.0.1"
      },
      "bin": {
        "figpack": "figpack.js"
      },
      "engines": {
        "node": "14"
      }
    },
    "node_modules/@figma/plugin-typings": {
      "version": "1.23.0",
      "resolved": "https://registry.npmjs.org/@figma/plugin-typings/-/plugin-typings-1.23.0.tgz",
      "integrity": "sha512-hKSQSyE4Lwb9GI0sL92YX8QvBAwsCkKGSIxLkEn3CDLSTtOjtTs/GKsQ8zUAFtcrr0KQLEYW0rBkGU3UVpPq/Q==",
      "dev": true
    },
    "node_modules/airbnb-prop-types": {
      "version": "2.16.0",
      "resolved": "https://registry.npmjs.org/airbnb-prop-types/-/airbnb-prop-types-2.16.0.tgz",
      "integrity": "sha512-7WHOFolP/6cS96PhKNrslCLMYAI8yB1Pp6u6XmxozQOiZbsI5ycglZr5cHhBFfuRcQQjzCMith5ZPZdYiJCxUg==",
      "dependencies": {
        "array.prototype.find": "^2.1.1",
        "function.prototype.name": "^1.1.2",
        "is-regex": "^1.1.0",
        "object-is": "^1.1.2",
        "object.assign": "^4.1.0",
        "object.entries": "^1.1.2",
        "prop-types": "^15.7.2",
        "prop-types-exact": "^1.2.0",
        "react-is": "^16.13.1"
      },
      "funding": {
        "url": "https://github.com/sponsors/ljharb"
      },
      "peerDependencies": {
        "react": "^0.14 || ^15.0.0 || ^16.0.0-alpha"
      }
    },
    "node_modules/array.prototype.find": {
      "version": "2.1.1",
      "resolved": "https://registry.npmjs.org/array.prototype.find/-/array.prototype.find-2.1.1.tgz",
      "integrity": "sha512-mi+MYNJYLTx2eNYy+Yh6raoQacCsNeeMUaspFPh9Y141lFSsWxxB8V9mM2ye+eqiRs917J6/pJ4M9ZPzenWckA==",
      "dependencies": {
        "define-properties": "^1.1.3",
        "es-abstract": "^1.17.4"
      },
      "funding": {
        "url": "https://github.com/sponsors/ljharb"
      }
    },
    "node_modules/call-bind": {
      "version": "1.0.2",
      "resolved": "https://registry.npmjs.org/call-bind/-/call-bind-1.0.2.tgz",
      "integrity": "sha512-7O+FbCihrB5WGbFYesctwmTKae6rOiIzmz1icreWJ+0aA7LJfuqhEso2T9ncpcFtzMQtzXf2QGGueWJGTYsqrA==",
      "dependencies": {
        "function-bind": "^1.1.1",
        "get-intrinsic": "^1.0.2"
      },
      "funding": {
        "url": "https://github.com/sponsors/ljharb"
      }
    },
    "node_modules/classnames": {
      "version": "2.3.1",
      "resolved": "https://registry.npmjs.org/classnames/-/classnames-2.3.1.tgz",
      "integrity": "sha512-OlQdbZ7gLfGarSqxesMesDa5uz7KFbID8Kpq/SxIoNGDqY8lSYs0D+hhtBXhcdB3rcbXArFr7vlHheLk1voeNA=="
    },
    "node_modules/consolidated-events": {
      "version": "2.0.2",
      "resolved": "https://registry.npmjs.org/consolidated-events/-/consolidated-events-2.0.2.tgz",
      "integrity": "sha512-2/uRVMdRypf5z/TW/ncD/66l75P5hH2vM/GR8Jf8HLc2xnfJtmina6F6du8+v4Z2vTrMo7jC+W1tmEEuuELgkQ=="
    },
    "node_modules/define-properties": {
      "version": "1.1.3",
      "resolved": "https://registry.npmjs.org/define-properties/-/define-properties-1.1.3.tgz",
      "integrity": "sha512-3MqfYKj2lLzdMSf8ZIZE/V+Zuy+BgD6f164e8K2w7dgnpKArBDerGYpM46IYYcjnkdPNMjPk9A6VFB8+3SKlXQ==",
      "dependencies": {
        "object-keys": "^1.0.12"
      },
      "engines": {
        "node": ">= 0.4"
      }
    },
    "node_modules/document.contains": {
      "version": "1.0.2",
      "resolved": "https://registry.npmjs.org/document.contains/-/document.contains-1.0.2.tgz",
      "integrity": "sha512-YcvYFs15mX8m3AO1QNQy3BlIpSMfNRj3Ujk2BEJxsZG+HZf7/hZ6jr7mDpXrF8q+ff95Vef5yjhiZxm8CGJr6Q==",
      "dependencies": {
        "define-properties": "^1.1.3"
      },
      "funding": {
        "url": "https://github.com/sponsors/ljharb"
      }
    },
    "node_modules/es-abstract": {
      "version": "1.18.0",
      "resolved": "https://registry.npmjs.org/es-abstract/-/es-abstract-1.18.0.tgz",
      "integrity": "sha512-LJzK7MrQa8TS0ja2w3YNLzUgJCGPdPOV1yVvezjNnS89D+VR08+Szt2mz3YB2Dck/+w5tfIq/RoUAFqJJGM2yw==",
      "dependencies": {
        "call-bind": "^1.0.2",
        "es-to-primitive": "^1.2.1",
        "function-bind": "^1.1.1",
        "get-intrinsic": "^1.1.1",
        "has": "^1.0.3",
        "has-symbols": "^1.0.2",
        "is-callable": "^1.2.3",
        "is-negative-zero": "^2.0.1",
        "is-regex": "^1.1.2",
        "is-string": "^1.0.5",
        "object-inspect": "^1.9.0",
        "object-keys": "^1.1.1",
        "object.assign": "^4.1.2",
        "string.prototype.trimend": "^1.0.4",
        "string.prototype.trimstart": "^1.0.4",
        "unbox-primitive": "^1.0.0"
      },
      "engines": {
        "node": ">= 0.4"
      },
      "funding": {
        "url": "https://github.com/sponsors/ljharb"
      }
    },
    "node_modules/es-to-primitive": {
      "version": "1.2.1",
      "resolved": "https://registry.npmjs.org/es-to-primitive/-/es-to-primitive-1.2.1.tgz",
      "integrity": "sha512-QCOllgZJtaUo9miYBcLChTUaHNjJF3PYs1VidD7AwiEj1kYxKeQTctLAezAOH5ZKRH0g2IgPn6KwB4IT8iRpvA==",
      "dependencies": {
        "is-callable": "^1.1.4",
        "is-date-object": "^1.0.1",
        "is-symbol": "^1.0.2"
      },
      "engines": {
        "node": ">= 0.4"
      },
      "funding": {
        "url": "https://github.com/sponsors/ljharb"
      }
    },
    "node_modules/figma-messenger": {
      "version": "1.0.5",
      "resolved": "https://registry.npmjs.org/figma-messenger/-/figma-messenger-1.0.5.tgz",
      "integrity": "sha512-j5bAl/elIeeMpsAUE485BQHCrHZvZdYe2rK+vPjTIAO5MlwBztU60G47xyLk5aMAsrg9fd6J11j89l548C6Nng=="
    },
    "node_modules/figma-plugin-ds": {
      "version": "0.1.8",
      "resolved": "https://registry.npmjs.org/figma-plugin-ds/-/figma-plugin-ds-0.1.8.tgz",
      "integrity": "sha512-Uyq6H7JPI5me6okR0calUjW7EPwO5KCuxRwn86CJKoivULjooKIaVF83JcgKZzFod18oK6SJzVnlqFw11MfUcg=="
    },
    "node_modules/figpack": {
      "resolved": "../lib/figpack",
      "link": true
    },
    "node_modules/function-bind": {
      "version": "1.1.1",
      "resolved": "https://registry.npmjs.org/function-bind/-/function-bind-1.1.1.tgz",
      "integrity": "sha512-yIovAzMX49sF8Yl58fSCWJ5svSLuaibPxXQJFLmBObTuCr0Mf1KiPopGM9NiFjiYBCbfaa2Fh6breQ6ANVTI0A=="
    },
    "node_modules/function.prototype.name": {
      "version": "1.1.4",
      "resolved": "https://registry.npmjs.org/function.prototype.name/-/function.prototype.name-1.1.4.tgz",
      "integrity": "sha512-iqy1pIotY/RmhdFZygSSlW0wko2yxkSCKqsuv4pr8QESohpYyG/Z7B/XXvPRKTJS//960rgguE5mSRUsDdaJrQ==",
      "dependencies": {
        "call-bind": "^1.0.2",
        "define-properties": "^1.1.3",
        "es-abstract": "^1.18.0-next.2",
        "functions-have-names": "^1.2.2"
      },
      "engines": {
        "node": ">= 0.4"
      },
      "funding": {
        "url": "https://github.com/sponsors/ljharb"
      }
    },
    "node_modules/functions-have-names": {
      "version": "1.2.2",
      "resolved": "https://registry.npmjs.org/functions-have-names/-/functions-have-names-1.2.2.tgz",
      "integrity": "sha512-bLgc3asbWdwPbx2mNk2S49kmJCuQeu0nfmaOgbs8WIyzzkw3r4htszdIi9Q9EMezDPTYuJx2wvjZ/EwgAthpnA==",
      "funding": {
        "url": "https://github.com/sponsors/ljharb"
      }
    },
    "node_modules/get-intrinsic": {
      "version": "1.1.1",
      "resolved": "https://registry.npmjs.org/get-intrinsic/-/get-intrinsic-1.1.1.tgz",
      "integrity": "sha512-kWZrnVM42QCiEA2Ig1bG8zjoIMOgxWwYCEeNdwY6Tv/cOSeGpcoX4pXHfKUxNKVoArnrEr2e9srnAxxGIraS9Q==",
      "dependencies": {
        "function-bind": "^1.1.1",
        "has": "^1.0.3",
        "has-symbols": "^1.0.1"
      },
      "funding": {
        "url": "https://github.com/sponsors/ljharb"
      }
    },
    "node_modules/has": {
      "version": "1.0.3",
      "resolved": "https://registry.npmjs.org/has/-/has-1.0.3.tgz",
      "integrity": "sha512-f2dvO0VU6Oej7RkWJGrehjbzMAjFp5/VKPp5tTpWIV4JHHZK1/BxbFRtf/siA2SWTe09caDmVtYYzWEIbBS4zw==",
      "dependencies": {
        "function-bind": "^1.1.1"
      },
      "engines": {
        "node": ">= 0.4.0"
      }
    },
    "node_modules/has-bigints": {
      "version": "1.0.1",
      "resolved": "https://registry.npmjs.org/has-bigints/-/has-bigints-1.0.1.tgz",
      "integrity": "sha512-LSBS2LjbNBTf6287JEbEzvJgftkF5qFkmCo9hDRpAzKhUOlJ+hx8dd4USs00SgsUNwc4617J9ki5YtEClM2ffA==",
      "funding": {
        "url": "https://github.com/sponsors/ljharb"
      }
    },
    "node_modules/has-symbols": {
      "version": "1.0.2",
      "resolved": "https://registry.npmjs.org/has-symbols/-/has-symbols-1.0.2.tgz",
      "integrity": "sha512-chXa79rL/UC2KlX17jo3vRGz0azaWEx5tGqZg5pO3NUyEJVB17dMruQlzCCOfUvElghKcm5194+BCRvi2Rv/Gw==",
      "engines": {
        "node": ">= 0.4"
      },
      "funding": {
        "url": "https://github.com/sponsors/ljharb"
      }
    },
    "node_modules/is-bigint": {
      "version": "1.0.2",
      "resolved": "https://registry.npmjs.org/is-bigint/-/is-bigint-1.0.2.tgz",
      "integrity": "sha512-0JV5+SOCQkIdzjBK9buARcV804Ddu7A0Qet6sHi3FimE9ne6m4BGQZfRn+NZiXbBk4F4XmHfDZIipLj9pX8dSA==",
      "funding": {
        "url": "https://github.com/sponsors/ljharb"
      }
    },
    "node_modules/is-boolean-object": {
      "version": "1.1.1",
      "resolved": "https://registry.npmjs.org/is-boolean-object/-/is-boolean-object-1.1.1.tgz",
      "integrity": "sha512-bXdQWkECBUIAcCkeH1unwJLIpZYaa5VvuygSyS/c2lf719mTKZDU5UdDRlpd01UjADgmW8RfqaP+mRaVPdr/Ng==",
      "dependencies": {
        "call-bind": "^1.0.2"
      },
      "engines": {
        "node": ">= 0.4"
      },
      "funding": {
        "url": "https://github.com/sponsors/ljharb"
      }
    },
    "node_modules/is-callable": {
      "version": "1.2.3",
      "resolved": "https://registry.npmjs.org/is-callable/-/is-callable-1.2.3.tgz",
      "integrity": "sha512-J1DcMe8UYTBSrKezuIUTUwjXsho29693unXM2YhJUTR2txK/eG47bvNa/wipPFmZFgr/N6f1GA66dv0mEyTIyQ==",
      "engines": {
        "node": ">= 0.4"
      },
      "funding": {
        "url": "https://github.com/sponsors/ljharb"
      }
    },
    "node_modules/is-date-object": {
      "version": "1.0.4",
      "resolved": "https://registry.npmjs.org/is-date-object/-/is-date-object-1.0.4.tgz",
      "integrity": "sha512-/b4ZVsG7Z5XVtIxs/h9W8nvfLgSAyKYdtGWQLbqy6jA1icmgjf8WCoTKgeS4wy5tYaPePouzFMANbnj94c2Z+A==",
      "engines": {
        "node": ">= 0.4"
      },
      "funding": {
        "url": "https://github.com/sponsors/ljharb"
      }
    },
    "node_modules/is-negative-zero": {
      "version": "2.0.1",
      "resolved": "https://registry.npmjs.org/is-negative-zero/-/is-negative-zero-2.0.1.tgz",
      "integrity": "sha512-2z6JzQvZRa9A2Y7xC6dQQm4FSTSTNWjKIYYTt4246eMTJmIo0Q+ZyOsU66X8lxK1AbB92dFeglPLrhwpeRKO6w==",
      "engines": {
        "node": ">= 0.4"
      },
      "funding": {
        "url": "https://github.com/sponsors/ljharb"
      }
    },
    "node_modules/is-number-object": {
      "version": "1.0.5",
      "resolved": "https://registry.npmjs.org/is-number-object/-/is-number-object-1.0.5.tgz",
      "integrity": "sha512-RU0lI/n95pMoUKu9v1BZP5MBcZuNSVJkMkAG2dJqC4z2GlkGUNeH68SuHuBKBD/XFe+LHZ+f9BKkLET60Niedw==",
      "engines": {
        "node": ">= 0.4"
      },
      "funding": {
        "url": "https://github.com/sponsors/ljharb"
      }
    },
    "node_modules/is-regex": {
      "version": "1.1.3",
      "resolved": "https://registry.npmjs.org/is-regex/-/is-regex-1.1.3.tgz",
      "integrity": "sha512-qSVXFz28HM7y+IWX6vLCsexdlvzT1PJNFSBuaQLQ5o0IEw8UDYW6/2+eCMVyIsbM8CNLX2a/QWmSpyxYEHY7CQ==",
      "dependencies": {
        "call-bind": "^1.0.2",
        "has-symbols": "^1.0.2"
      },
      "engines": {
        "node": ">= 0.4"
      },
      "funding": {
        "url": "https://github.com/sponsors/ljharb"
      }
    },
    "node_modules/is-string": {
      "version": "1.0.6",
      "resolved": "https://registry.npmjs.org/is-string/-/is-string-1.0.6.tgz",
      "integrity": "sha512-2gdzbKUuqtQ3lYNrUTQYoClPhm7oQu4UdpSZMp1/DGgkHBT8E2Z1l0yMdb6D4zNAxwDiMv8MdulKROJGNl0Q0w==",
      "engines": {
        "node": ">= 0.4"
      },
      "funding": {
        "url": "https://github.com/sponsors/ljharb"
      }
    },
    "node_modules/is-symbol": {
      "version": "1.0.4",
      "resolved": "https://registry.npmjs.org/is-symbol/-/is-symbol-1.0.4.tgz",
      "integrity": "sha512-C/CPBqKWnvdcxqIARxyOh4v1UUEOCHpgDa0WYgpKDFMszcrPcffg5uhwSgPCLD2WWxmq6isisz87tzT01tuGhg==",
      "dependencies": {
        "has-symbols": "^1.0.2"
      },
      "engines": {
        "node": ">= 0.4"
      },
      "funding": {
        "url": "https://github.com/sponsors/ljharb"
      }
    },
    "node_modules/js-tokens": {
      "version": "4.0.0",
      "resolved": "https://registry.npmjs.org/js-tokens/-/js-tokens-4.0.0.tgz",
      "integrity": "sha512-RdJUflcE3cUzKiMqQgsCu06FPu9UdIJO0beYbPhHN4k6apgJtifcoCtT9bcxOpYBtpD2kCM6Sbzg4CausW/PKQ=="
    },
    "node_modules/loose-envify": {
      "version": "1.4.0",
      "resolved": "https://registry.npmjs.org/loose-envify/-/loose-envify-1.4.0.tgz",
      "integrity": "sha512-lyuxPGr/Wfhrlem2CL/UcnUc1zcqKAImBDzukY7Y5F/yQiNdko6+fRLevlw1HgMySw7f611UIY408EtxRSoK3Q==",
      "dependencies": {
        "js-tokens": "^3.0.0 || ^4.0.0"
      },
      "bin": {
        "loose-envify": "cli.js"
      }
    },
    "node_modules/object-assign": {
      "version": "4.1.1",
      "resolved": "https://registry.npmjs.org/object-assign/-/object-assign-4.1.1.tgz",
      "integrity": "sha1-IQmtx5ZYh8/AXLvUQsrIv7s2CGM=",
      "engines": {
        "node": ">=0.10.0"
      }
    },
    "node_modules/object-inspect": {
      "version": "1.10.3",
      "resolved": "https://registry.npmjs.org/object-inspect/-/object-inspect-1.10.3.tgz",
      "integrity": "sha512-e5mCJlSH7poANfC8z8S9s9S2IN5/4Zb3aZ33f5s8YqoazCFzNLloLU8r5VCG+G7WoqLvAAZoVMcy3tp/3X0Plw==",
      "funding": {
        "url": "https://github.com/sponsors/ljharb"
      }
    },
    "node_modules/object-is": {
      "version": "1.1.5",
      "resolved": "https://registry.npmjs.org/object-is/-/object-is-1.1.5.tgz",
      "integrity": "sha512-3cyDsyHgtmi7I7DfSSI2LDp6SK2lwvtbg0p0R1e0RvTqF5ceGx+K2dfSjm1bKDMVCFEDAQvy+o8c6a7VujOddw==",
      "dependencies": {
        "call-bind": "^1.0.2",
        "define-properties": "^1.1.3"
      },
      "engines": {
        "node": ">= 0.4"
      },
      "funding": {
        "url": "https://github.com/sponsors/ljharb"
      }
    },
    "node_modules/object-keys": {
      "version": "1.1.1",
      "resolved": "https://registry.npmjs.org/object-keys/-/object-keys-1.1.1.tgz",
      "integrity": "sha512-NuAESUOUMrlIXOfHKzD6bpPu3tYt3xvjNdRIQ+FeT0lNb4K8WR70CaDxhuNguS2XG+GjkyMwOzsN5ZktImfhLA==",
      "engines": {
        "node": ">= 0.4"
      }
    },
    "node_modules/object.assign": {
      "version": "4.1.2",
      "resolved": "https://registry.npmjs.org/object.assign/-/object.assign-4.1.2.tgz",
      "integrity": "sha512-ixT2L5THXsApyiUPYKmW+2EHpXXe5Ii3M+f4e+aJFAHao5amFRW6J0OO6c/LU8Be47utCx2GL89hxGB6XSmKuQ==",
      "dependencies": {
        "call-bind": "^1.0.0",
        "define-properties": "^1.1.3",
        "has-symbols": "^1.0.1",
        "object-keys": "^1.1.1"
      },
      "engines": {
        "node": ">= 0.4"
      },
      "funding": {
        "url": "https://github.com/sponsors/ljharb"
      }
    },
    "node_modules/object.entries": {
      "version": "1.1.3",
      "resolved": "https://registry.npmjs.org/object.entries/-/object.entries-1.1.3.tgz",
      "integrity": "sha512-ym7h7OZebNS96hn5IJeyUmaWhaSM4SVtAPPfNLQEI2MYWCO2egsITb9nab2+i/Pwibx+R0mtn+ltKJXRSeTMGg==",
      "dependencies": {
        "call-bind": "^1.0.0",
        "define-properties": "^1.1.3",
        "es-abstract": "^1.18.0-next.1",
        "has": "^1.0.3"
      },
      "engines": {
        "node": ">= 0.4"
      }
    },
    "node_modules/object.values": {
      "version": "1.1.3",
      "resolved": "https://registry.npmjs.org/object.values/-/object.values-1.1.3.tgz",
      "integrity": "sha512-nkF6PfDB9alkOUxpf1HNm/QlkeW3SReqL5WXeBLpEJJnlPSvRaDQpW3gQTksTN3fgJX4hL42RzKyOin6ff3tyw==",
      "dependencies": {
        "call-bind": "^1.0.2",
        "define-properties": "^1.1.3",
        "es-abstract": "^1.18.0-next.2",
        "has": "^1.0.3"
      },
      "engines": {
        "node": ">= 0.4"
      },
      "funding": {
        "url": "https://github.com/sponsors/ljharb"
      }
    },
    "node_modules/prop-types": {
      "version": "15.7.2",
      "resolved": "https://registry.npmjs.org/prop-types/-/prop-types-15.7.2.tgz",
      "integrity": "sha512-8QQikdH7//R2vurIJSutZ1smHYTcLpRWEOlHnzcWHmBYrOGUysKwSsrC89BCiFj3CbrfJ/nXFdJepOVrY1GCHQ==",
      "dependencies": {
        "loose-envify": "^1.4.0",
        "object-assign": "^4.1.1",
        "react-is": "^16.8.1"
      }
    },
    "node_modules/prop-types-exact": {
      "version": "1.2.0",
      "resolved": "https://registry.npmjs.org/prop-types-exact/-/prop-types-exact-1.2.0.tgz",
      "integrity": "sha512-K+Tk3Kd9V0odiXFP9fwDHUYRyvK3Nun3GVyPapSIs5OBkITAm15W0CPFD/YKTkMUAbc0b9CUwRQp2ybiBIq+eA==",
      "dependencies": {
        "has": "^1.0.3",
        "object.assign": "^4.1.0",
        "reflect.ownkeys": "^0.2.0"
      }
    },
    "node_modules/react": {
      "version": "16.14.0",
      "resolved": "https://registry.npmjs.org/react/-/react-16.14.0.tgz",
      "integrity": "sha512-0X2CImDkJGApiAlcf0ODKIneSwBPhqJawOa5wCtKbu7ZECrmS26NvtSILynQ66cgkT/RJ4LidJOc3bUESwmU8g==",
      "dependencies": {
        "loose-envify": "^1.1.0",
        "object-assign": "^4.1.1",
        "prop-types": "^15.6.2"
      },
      "engines": {
        "node": ">=0.10.0"
      }
    },
    "node_modules/react-dom": {
      "version": "16.14.0",
      "resolved": "https://registry.npmjs.org/react-dom/-/react-dom-16.14.0.tgz",
      "integrity": "sha512-1gCeQXDLoIqMgqD3IO2Ah9bnf0w9kzhwN5q4FGnHZ67hBm9yePzB5JJAIQCc8x3pFnNlwFq4RidZggNAAkzWWw==",
      "dependencies": {
        "loose-envify": "^1.1.0",
        "object-assign": "^4.1.1",
        "prop-types": "^15.6.2",
        "scheduler": "^0.19.1"
      },
      "peerDependencies": {
        "react": "^16.14.0"
      }
    },
    "node_modules/react-figma-plugin-ds": {
      "version": "2.2.0",
      "resolved": "https://registry.npmjs.org/react-figma-plugin-ds/-/react-figma-plugin-ds-2.2.0.tgz",
      "integrity": "sha512-gSBv2HMAWv3ms51GW3pSnzYPJaHwvLbgTOOSXgpbq/JJ4lnvvQBGYpRQ9hjT637a8Y9WfPnGXXsTwRVyX7Yc9g==",
      "dependencies": {
        "figma-plugin-ds": "^0.1.8",
        "react-outside-click-handler": "^1.3.0"
      },
      "peerDependencies": {
        "react": ">=16",
        "react-dom": ">=16"
      }
    },
    "node_modules/react-is": {
      "version": "16.13.1",
      "resolved": "https://registry.npmjs.org/react-is/-/react-is-16.13.1.tgz",
      "integrity": "sha512-24e6ynE2H+OKt4kqsOvNd8kBpV65zoxbA4BVsEOB3ARVWQki/DHzaUoC5KuON/BiccDaCCTZBuOcfZs70kR8bQ=="
    },
    "node_modules/react-outside-click-handler": {
      "version": "1.3.0",
      "resolved": "https://registry.npmjs.org/react-outside-click-handler/-/react-outside-click-handler-1.3.0.tgz",
      "integrity": "sha512-Te/7zFU0oHpAnctl//pP3hEAeobfeHMyygHB8MnjP6sX5OR8KHT1G3jmLsV3U9RnIYo+Yn+peJYWu+D5tUS8qQ==",
      "dependencies": {
        "airbnb-prop-types": "^2.15.0",
        "consolidated-events": "^1.1.1 || ^2.0.0",
        "document.contains": "^1.0.1",
        "object.values": "^1.1.0",
        "prop-types": "^15.7.2"
      },
      "peerDependencies": {
        "react": "^0.14 || >=15",
        "react-dom": "^0.14 || >=15"
      }
    },
    "node_modules/reflect.ownkeys": {
      "version": "0.2.0",
      "resolved": "https://registry.npmjs.org/reflect.ownkeys/-/reflect.ownkeys-0.2.0.tgz",
      "integrity": "sha1-dJrO7H8/34tj+SegSAnpDFwLNGA="
    },
    "node_modules/scheduler": {
      "version": "0.19.1",
      "resolved": "https://registry.npmjs.org/scheduler/-/scheduler-0.19.1.tgz",
      "integrity": "sha512-n/zwRWRYSUj0/3g/otKDRPMh6qv2SYMWNq85IEa8iZyAv8od9zDYpGSnpBEjNgcMNq6Scbu5KfIPxNF72R/2EA==",
      "dependencies": {
        "loose-envify": "^1.1.0",
        "object-assign": "^4.1.1"
      }
    },
    "node_modules/string.prototype.trimend": {
      "version": "1.0.4",
      "resolved": "https://registry.npmjs.org/string.prototype.trimend/-/string.prototype.trimend-1.0.4.tgz",
      "integrity": "sha512-y9xCjw1P23Awk8EvTpcyL2NIr1j7wJ39f+k6lvRnSMz+mz9CGz9NYPelDk42kOz6+ql8xjfK8oYzy3jAP5QU5A==",
      "dependencies": {
        "call-bind": "^1.0.2",
        "define-properties": "^1.1.3"
      },
      "funding": {
        "url": "https://github.com/sponsors/ljharb"
      }
    },
    "node_modules/string.prototype.trimstart": {
      "version": "1.0.4",
      "resolved": "https://registry.npmjs.org/string.prototype.trimstart/-/string.prototype.trimstart-1.0.4.tgz",
      "integrity": "sha512-jh6e984OBfvxS50tdY2nRZnoC5/mLFKOREQfw8t5yytkoUsJRNxvI/E39qu1sD0OtWI3OC0XgKSmcWwziwYuZw==",
      "dependencies": {
        "call-bind": "^1.0.2",
        "define-properties": "^1.1.3"
      },
      "funding": {
        "url": "https://github.com/sponsors/ljharb"
      }
    },
    "node_modules/unbox-primitive": {
      "version": "1.0.1",
      "resolved": "https://registry.npmjs.org/unbox-primitive/-/unbox-primitive-1.0.1.tgz",
      "integrity": "sha512-tZU/3NqK3dA5gpE1KtyiJUrEB0lxnGkMFHptJ7q6ewdZ8s12QrODwNbhIJStmJkd1QDXa1NRA8aF2A1zk/Ypyw==",
      "dependencies": {
        "function-bind": "^1.1.1",
        "has-bigints": "^1.0.1",
        "has-symbols": "^1.0.2",
        "which-boxed-primitive": "^1.0.2"
      },
      "funding": {
        "url": "https://github.com/sponsors/ljharb"
      }
    },
    "node_modules/which-boxed-primitive": {
      "version": "1.0.2",
      "resolved": "https://registry.npmjs.org/which-boxed-primitive/-/which-boxed-primitive-1.0.2.tgz",
      "integrity": "sha512-bwZdv0AKLpplFY2KZRX6TvyuN7ojjr7lwkg6ml0roIy9YeuSr7JS372qlNW18UQYzgYK9ziGcerWqZOmEn9VNg==",
      "dependencies": {
        "is-bigint": "^1.0.1",
        "is-boolean-object": "^1.1.0",
        "is-number-object": "^1.0.4",
        "is-string": "^1.0.5",
        "is-symbol": "^1.0.3"
      },
      "funding": {
        "url": "https://github.com/sponsors/ljharb"
      }
    }
  },
  "dependencies": {
    "@figma/plugin-typings": {
      "version": "1.23.0",
      "resolved": "https://registry.npmjs.org/@figma/plugin-typings/-/plugin-typings-1.23.0.tgz",
      "integrity": "sha512-hKSQSyE4Lwb9GI0sL92YX8QvBAwsCkKGSIxLkEn3CDLSTtOjtTs/GKsQ8zUAFtcrr0KQLEYW0rBkGU3UVpPq/Q==",
      "dev": true
    },
    "airbnb-prop-types": {
      "version": "2.16.0",
      "resolved": "https://registry.npmjs.org/airbnb-prop-types/-/airbnb-prop-types-2.16.0.tgz",
      "integrity": "sha512-7WHOFolP/6cS96PhKNrslCLMYAI8yB1Pp6u6XmxozQOiZbsI5ycglZr5cHhBFfuRcQQjzCMith5ZPZdYiJCxUg==",
      "requires": {
        "array.prototype.find": "^2.1.1",
        "function.prototype.name": "^1.1.2",
        "is-regex": "^1.1.0",
        "object-is": "^1.1.2",
        "object.assign": "^4.1.0",
        "object.entries": "^1.1.2",
        "prop-types": "^15.7.2",
        "prop-types-exact": "^1.2.0",
        "react-is": "^16.13.1"
      }
    },
    "array.prototype.find": {
      "version": "2.1.1",
      "resolved": "https://registry.npmjs.org/array.prototype.find/-/array.prototype.find-2.1.1.tgz",
      "integrity": "sha512-mi+MYNJYLTx2eNYy+Yh6raoQacCsNeeMUaspFPh9Y141lFSsWxxB8V9mM2ye+eqiRs917J6/pJ4M9ZPzenWckA==",
      "requires": {
        "define-properties": "^1.1.3",
        "es-abstract": "^1.17.4"
      }
    },
    "call-bind": {
      "version": "1.0.2",
      "resolved": "https://registry.npmjs.org/call-bind/-/call-bind-1.0.2.tgz",
      "integrity": "sha512-7O+FbCihrB5WGbFYesctwmTKae6rOiIzmz1icreWJ+0aA7LJfuqhEso2T9ncpcFtzMQtzXf2QGGueWJGTYsqrA==",
      "requires": {
        "function-bind": "^1.1.1",
        "get-intrinsic": "^1.0.2"
      }
    },
    "classnames": {
      "version": "2.3.1",
      "resolved": "https://registry.npmjs.org/classnames/-/classnames-2.3.1.tgz",
      "integrity": "sha512-OlQdbZ7gLfGarSqxesMesDa5uz7KFbID8Kpq/SxIoNGDqY8lSYs0D+hhtBXhcdB3rcbXArFr7vlHheLk1voeNA=="
    },
    "consolidated-events": {
      "version": "2.0.2",
      "resolved": "https://registry.npmjs.org/consolidated-events/-/consolidated-events-2.0.2.tgz",
      "integrity": "sha512-2/uRVMdRypf5z/TW/ncD/66l75P5hH2vM/GR8Jf8HLc2xnfJtmina6F6du8+v4Z2vTrMo7jC+W1tmEEuuELgkQ=="
    },
    "define-properties": {
      "version": "1.1.3",
      "resolved": "https://registry.npmjs.org/define-properties/-/define-properties-1.1.3.tgz",
      "integrity": "sha512-3MqfYKj2lLzdMSf8ZIZE/V+Zuy+BgD6f164e8K2w7dgnpKArBDerGYpM46IYYcjnkdPNMjPk9A6VFB8+3SKlXQ==",
      "requires": {
        "object-keys": "^1.0.12"
      }
    },
    "document.contains": {
      "version": "1.0.2",
      "resolved": "https://registry.npmjs.org/document.contains/-/document.contains-1.0.2.tgz",
      "integrity": "sha512-YcvYFs15mX8m3AO1QNQy3BlIpSMfNRj3Ujk2BEJxsZG+HZf7/hZ6jr7mDpXrF8q+ff95Vef5yjhiZxm8CGJr6Q==",
      "requires": {
        "define-properties": "^1.1.3"
      }
    },
    "es-abstract": {
      "version": "1.18.0",
      "resolved": "https://registry.npmjs.org/es-abstract/-/es-abstract-1.18.0.tgz",
      "integrity": "sha512-LJzK7MrQa8TS0ja2w3YNLzUgJCGPdPOV1yVvezjNnS89D+VR08+Szt2mz3YB2Dck/+w5tfIq/RoUAFqJJGM2yw==",
      "requires": {
        "call-bind": "^1.0.2",
        "es-to-primitive": "^1.2.1",
        "function-bind": "^1.1.1",
        "get-intrinsic": "^1.1.1",
        "has": "^1.0.3",
        "has-symbols": "^1.0.2",
        "is-callable": "^1.2.3",
        "is-negative-zero": "^2.0.1",
        "is-regex": "^1.1.2",
        "is-string": "^1.0.5",
        "object-inspect": "^1.9.0",
        "object-keys": "^1.1.1",
        "object.assign": "^4.1.2",
        "string.prototype.trimend": "^1.0.4",
        "string.prototype.trimstart": "^1.0.4",
        "unbox-primitive": "^1.0.0"
      }
    },
    "es-to-primitive": {
      "version": "1.2.1",
      "resolved": "https://registry.npmjs.org/es-to-primitive/-/es-to-primitive-1.2.1.tgz",
      "integrity": "sha512-QCOllgZJtaUo9miYBcLChTUaHNjJF3PYs1VidD7AwiEj1kYxKeQTctLAezAOH5ZKRH0g2IgPn6KwB4IT8iRpvA==",
      "requires": {
        "is-callable": "^1.1.4",
        "is-date-object": "^1.0.1",
        "is-symbol": "^1.0.2"
      }
    },
    "figma-messenger": {
      "version": "1.0.5",
      "resolved": "https://registry.npmjs.org/figma-messenger/-/figma-messenger-1.0.5.tgz",
      "integrity": "sha512-j5bAl/elIeeMpsAUE485BQHCrHZvZdYe2rK+vPjTIAO5MlwBztU60G47xyLk5aMAsrg9fd6J11j89l548C6Nng=="
    },
    "figma-plugin-ds": {
      "version": "0.1.8",
      "resolved": "https://registry.npmjs.org/figma-plugin-ds/-/figma-plugin-ds-0.1.8.tgz",
      "integrity": "sha512-Uyq6H7JPI5me6okR0calUjW7EPwO5KCuxRwn86CJKoivULjooKIaVF83JcgKZzFod18oK6SJzVnlqFw11MfUcg=="
    },
    "figpack": {
      "version": "file:../lib/figpack",
      "requires": {
        "@babel/core": "^7.14.2",
        "babel-loader": "^8.2.2",
        "babel-preset-env": "^1.7.0",
        "chokidar": "^3.5.1",
        "classnames": "^2.3.1",
        "css-loader": "^5.2.4",
        "html-loader": "^2.1.2",
        "node-sass": "^6.0.0",
        "raw-loader": "^4.0.2",
        "sass-loader": "^11.1.1",
        "style-loader": "^2.0.0",
        "tmp": "^0.2.1",
        "ts-loader": "^9.1.2",
        "webpack": "^5.37.0",
        "yargs": "^17.0.1"
      }
    },
    "function-bind": {
      "version": "1.1.1",
      "resolved": "https://registry.npmjs.org/function-bind/-/function-bind-1.1.1.tgz",
      "integrity": "sha512-yIovAzMX49sF8Yl58fSCWJ5svSLuaibPxXQJFLmBObTuCr0Mf1KiPopGM9NiFjiYBCbfaa2Fh6breQ6ANVTI0A=="
    },
    "function.prototype.name": {
      "version": "1.1.4",
      "resolved": "https://registry.npmjs.org/function.prototype.name/-/function.prototype.name-1.1.4.tgz",
      "integrity": "sha512-iqy1pIotY/RmhdFZygSSlW0wko2yxkSCKqsuv4pr8QESohpYyG/Z7B/XXvPRKTJS//960rgguE5mSRUsDdaJrQ==",
      "requires": {
        "call-bind": "^1.0.2",
        "define-properties": "^1.1.3",
        "es-abstract": "^1.18.0-next.2",
        "functions-have-names": "^1.2.2"
      }
    },
    "functions-have-names": {
      "version": "1.2.2",
      "resolved": "https://registry.npmjs.org/functions-have-names/-/functions-have-names-1.2.2.tgz",
      "integrity": "sha512-bLgc3asbWdwPbx2mNk2S49kmJCuQeu0nfmaOgbs8WIyzzkw3r4htszdIi9Q9EMezDPTYuJx2wvjZ/EwgAthpnA=="
    },
    "get-intrinsic": {
      "version": "1.1.1",
      "resolved": "https://registry.npmjs.org/get-intrinsic/-/get-intrinsic-1.1.1.tgz",
      "integrity": "sha512-kWZrnVM42QCiEA2Ig1bG8zjoIMOgxWwYCEeNdwY6Tv/cOSeGpcoX4pXHfKUxNKVoArnrEr2e9srnAxxGIraS9Q==",
      "requires": {
        "function-bind": "^1.1.1",
        "has": "^1.0.3",
        "has-symbols": "^1.0.1"
      }
    },
    "has": {
      "version": "1.0.3",
      "resolved": "https://registry.npmjs.org/has/-/has-1.0.3.tgz",
      "integrity": "sha512-f2dvO0VU6Oej7RkWJGrehjbzMAjFp5/VKPp5tTpWIV4JHHZK1/BxbFRtf/siA2SWTe09caDmVtYYzWEIbBS4zw==",
      "requires": {
        "function-bind": "^1.1.1"
      }
    },
    "has-bigints": {
      "version": "1.0.1",
      "resolved": "https://registry.npmjs.org/has-bigints/-/has-bigints-1.0.1.tgz",
      "integrity": "sha512-LSBS2LjbNBTf6287JEbEzvJgftkF5qFkmCo9hDRpAzKhUOlJ+hx8dd4USs00SgsUNwc4617J9ki5YtEClM2ffA=="
    },
    "has-symbols": {
      "version": "1.0.2",
      "resolved": "https://registry.npmjs.org/has-symbols/-/has-symbols-1.0.2.tgz",
      "integrity": "sha512-chXa79rL/UC2KlX17jo3vRGz0azaWEx5tGqZg5pO3NUyEJVB17dMruQlzCCOfUvElghKcm5194+BCRvi2Rv/Gw=="
    },
    "is-bigint": {
      "version": "1.0.2",
      "resolved": "https://registry.npmjs.org/is-bigint/-/is-bigint-1.0.2.tgz",
      "integrity": "sha512-0JV5+SOCQkIdzjBK9buARcV804Ddu7A0Qet6sHi3FimE9ne6m4BGQZfRn+NZiXbBk4F4XmHfDZIipLj9pX8dSA=="
    },
    "is-boolean-object": {
      "version": "1.1.1",
      "resolved": "https://registry.npmjs.org/is-boolean-object/-/is-boolean-object-1.1.1.tgz",
      "integrity": "sha512-bXdQWkECBUIAcCkeH1unwJLIpZYaa5VvuygSyS/c2lf719mTKZDU5UdDRlpd01UjADgmW8RfqaP+mRaVPdr/Ng==",
      "requires": {
        "call-bind": "^1.0.2"
      }
    },
    "is-callable": {
      "version": "1.2.3",
      "resolved": "https://registry.npmjs.org/is-callable/-/is-callable-1.2.3.tgz",
      "integrity": "sha512-J1DcMe8UYTBSrKezuIUTUwjXsho29693unXM2YhJUTR2txK/eG47bvNa/wipPFmZFgr/N6f1GA66dv0mEyTIyQ=="
    },
    "is-date-object": {
      "version": "1.0.4",
      "resolved": "https://registry.npmjs.org/is-date-object/-/is-date-object-1.0.4.tgz",
      "integrity": "sha512-/b4ZVsG7Z5XVtIxs/h9W8nvfLgSAyKYdtGWQLbqy6jA1icmgjf8WCoTKgeS4wy5tYaPePouzFMANbnj94c2Z+A=="
    },
    "is-negative-zero": {
      "version": "2.0.1",
      "resolved": "https://registry.npmjs.org/is-negative-zero/-/is-negative-zero-2.0.1.tgz",
      "integrity": "sha512-2z6JzQvZRa9A2Y7xC6dQQm4FSTSTNWjKIYYTt4246eMTJmIo0Q+ZyOsU66X8lxK1AbB92dFeglPLrhwpeRKO6w=="
    },
    "is-number-object": {
      "version": "1.0.5",
      "resolved": "https://registry.npmjs.org/is-number-object/-/is-number-object-1.0.5.tgz",
      "integrity": "sha512-RU0lI/n95pMoUKu9v1BZP5MBcZuNSVJkMkAG2dJqC4z2GlkGUNeH68SuHuBKBD/XFe+LHZ+f9BKkLET60Niedw=="
    },
    "is-regex": {
      "version": "1.1.3",
      "resolved": "https://registry.npmjs.org/is-regex/-/is-regex-1.1.3.tgz",
      "integrity": "sha512-qSVXFz28HM7y+IWX6vLCsexdlvzT1PJNFSBuaQLQ5o0IEw8UDYW6/2+eCMVyIsbM8CNLX2a/QWmSpyxYEHY7CQ==",
      "requires": {
        "call-bind": "^1.0.2",
        "has-symbols": "^1.0.2"
      }
    },
    "is-string": {
      "version": "1.0.6",
      "resolved": "https://registry.npmjs.org/is-string/-/is-string-1.0.6.tgz",
      "integrity": "sha512-2gdzbKUuqtQ3lYNrUTQYoClPhm7oQu4UdpSZMp1/DGgkHBT8E2Z1l0yMdb6D4zNAxwDiMv8MdulKROJGNl0Q0w=="
    },
    "is-symbol": {
      "version": "1.0.4",
      "resolved": "https://registry.npmjs.org/is-symbol/-/is-symbol-1.0.4.tgz",
      "integrity": "sha512-C/CPBqKWnvdcxqIARxyOh4v1UUEOCHpgDa0WYgpKDFMszcrPcffg5uhwSgPCLD2WWxmq6isisz87tzT01tuGhg==",
      "requires": {
        "has-symbols": "^1.0.2"
      }
    },
    "js-tokens": {
      "version": "4.0.0",
      "resolved": "https://registry.npmjs.org/js-tokens/-/js-tokens-4.0.0.tgz",
      "integrity": "sha512-RdJUflcE3cUzKiMqQgsCu06FPu9UdIJO0beYbPhHN4k6apgJtifcoCtT9bcxOpYBtpD2kCM6Sbzg4CausW/PKQ=="
    },
    "loose-envify": {
      "version": "1.4.0",
      "resolved": "https://registry.npmjs.org/loose-envify/-/loose-envify-1.4.0.tgz",
      "integrity": "sha512-lyuxPGr/Wfhrlem2CL/UcnUc1zcqKAImBDzukY7Y5F/yQiNdko6+fRLevlw1HgMySw7f611UIY408EtxRSoK3Q==",
      "requires": {
        "js-tokens": "^3.0.0 || ^4.0.0"
      }
    },
    "object-assign": {
      "version": "4.1.1",
      "resolved": "https://registry.npmjs.org/object-assign/-/object-assign-4.1.1.tgz",
      "integrity": "sha1-IQmtx5ZYh8/AXLvUQsrIv7s2CGM="
    },
    "object-inspect": {
      "version": "1.10.3",
      "resolved": "https://registry.npmjs.org/object-inspect/-/object-inspect-1.10.3.tgz",
      "integrity": "sha512-e5mCJlSH7poANfC8z8S9s9S2IN5/4Zb3aZ33f5s8YqoazCFzNLloLU8r5VCG+G7WoqLvAAZoVMcy3tp/3X0Plw=="
    },
    "object-is": {
      "version": "1.1.5",
      "resolved": "https://registry.npmjs.org/object-is/-/object-is-1.1.5.tgz",
      "integrity": "sha512-3cyDsyHgtmi7I7DfSSI2LDp6SK2lwvtbg0p0R1e0RvTqF5ceGx+K2dfSjm1bKDMVCFEDAQvy+o8c6a7VujOddw==",
      "requires": {
        "call-bind": "^1.0.2",
        "define-properties": "^1.1.3"
      }
    },
    "object-keys": {
      "version": "1.1.1",
      "resolved": "https://registry.npmjs.org/object-keys/-/object-keys-1.1.1.tgz",
      "integrity": "sha512-NuAESUOUMrlIXOfHKzD6bpPu3tYt3xvjNdRIQ+FeT0lNb4K8WR70CaDxhuNguS2XG+GjkyMwOzsN5ZktImfhLA=="
    },
    "object.assign": {
      "version": "4.1.2",
      "resolved": "https://registry.npmjs.org/object.assign/-/object.assign-4.1.2.tgz",
      "integrity": "sha512-ixT2L5THXsApyiUPYKmW+2EHpXXe5Ii3M+f4e+aJFAHao5amFRW6J0OO6c/LU8Be47utCx2GL89hxGB6XSmKuQ==",
      "requires": {
        "call-bind": "^1.0.0",
        "define-properties": "^1.1.3",
        "has-symbols": "^1.0.1",
        "object-keys": "^1.1.1"
      }
    },
    "object.entries": {
      "version": "1.1.3",
      "resolved": "https://registry.npmjs.org/object.entries/-/object.entries-1.1.3.tgz",
      "integrity": "sha512-ym7h7OZebNS96hn5IJeyUmaWhaSM4SVtAPPfNLQEI2MYWCO2egsITb9nab2+i/Pwibx+R0mtn+ltKJXRSeTMGg==",
      "requires": {
        "call-bind": "^1.0.0",
        "define-properties": "^1.1.3",
        "es-abstract": "^1.18.0-next.1",
        "has": "^1.0.3"
      }
    },
    "object.values": {
      "version": "1.1.3",
      "resolved": "https://registry.npmjs.org/object.values/-/object.values-1.1.3.tgz",
      "integrity": "sha512-nkF6PfDB9alkOUxpf1HNm/QlkeW3SReqL5WXeBLpEJJnlPSvRaDQpW3gQTksTN3fgJX4hL42RzKyOin6ff3tyw==",
      "requires": {
        "call-bind": "^1.0.2",
        "define-properties": "^1.1.3",
        "es-abstract": "^1.18.0-next.2",
        "has": "^1.0.3"
      }
    },
    "prop-types": {
      "version": "15.7.2",
      "resolved": "https://registry.npmjs.org/prop-types/-/prop-types-15.7.2.tgz",
      "integrity": "sha512-8QQikdH7//R2vurIJSutZ1smHYTcLpRWEOlHnzcWHmBYrOGUysKwSsrC89BCiFj3CbrfJ/nXFdJepOVrY1GCHQ==",
      "requires": {
        "loose-envify": "^1.4.0",
        "object-assign": "^4.1.1",
        "react-is": "^16.8.1"
      }
    },
    "prop-types-exact": {
      "version": "1.2.0",
      "resolved": "https://registry.npmjs.org/prop-types-exact/-/prop-types-exact-1.2.0.tgz",
      "integrity": "sha512-K+Tk3Kd9V0odiXFP9fwDHUYRyvK3Nun3GVyPapSIs5OBkITAm15W0CPFD/YKTkMUAbc0b9CUwRQp2ybiBIq+eA==",
      "requires": {
        "has": "^1.0.3",
        "object.assign": "^4.1.0",
        "reflect.ownkeys": "^0.2.0"
      }
    },
    "react": {
      "version": "16.14.0",
      "resolved": "https://registry.npmjs.org/react/-/react-16.14.0.tgz",
      "integrity": "sha512-0X2CImDkJGApiAlcf0ODKIneSwBPhqJawOa5wCtKbu7ZECrmS26NvtSILynQ66cgkT/RJ4LidJOc3bUESwmU8g==",
      "requires": {
        "loose-envify": "^1.1.0",
        "object-assign": "^4.1.1",
        "prop-types": "^15.6.2"
      }
    },
    "react-dom": {
      "version": "16.14.0",
      "resolved": "https://registry.npmjs.org/react-dom/-/react-dom-16.14.0.tgz",
      "integrity": "sha512-1gCeQXDLoIqMgqD3IO2Ah9bnf0w9kzhwN5q4FGnHZ67hBm9yePzB5JJAIQCc8x3pFnNlwFq4RidZggNAAkzWWw==",
      "requires": {
        "loose-envify": "^1.1.0",
        "object-assign": "^4.1.1",
        "prop-types": "^15.6.2",
        "scheduler": "^0.19.1"
      }
    },
    "react-figma-plugin-ds": {
      "version": "2.2.0",
      "resolved": "https://registry.npmjs.org/react-figma-plugin-ds/-/react-figma-plugin-ds-2.2.0.tgz",
      "integrity": "sha512-gSBv2HMAWv3ms51GW3pSnzYPJaHwvLbgTOOSXgpbq/JJ4lnvvQBGYpRQ9hjT637a8Y9WfPnGXXsTwRVyX7Yc9g==",
      "requires": {
        "figma-plugin-ds": "^0.1.8",
        "react-outside-click-handler": "^1.3.0"
      }
    },
    "react-is": {
      "version": "16.13.1",
      "resolved": "https://registry.npmjs.org/react-is/-/react-is-16.13.1.tgz",
      "integrity": "sha512-24e6ynE2H+OKt4kqsOvNd8kBpV65zoxbA4BVsEOB3ARVWQki/DHzaUoC5KuON/BiccDaCCTZBuOcfZs70kR8bQ=="
    },
    "react-outside-click-handler": {
      "version": "1.3.0",
      "resolved": "https://registry.npmjs.org/react-outside-click-handler/-/react-outside-click-handler-1.3.0.tgz",
      "integrity": "sha512-Te/7zFU0oHpAnctl//pP3hEAeobfeHMyygHB8MnjP6sX5OR8KHT1G3jmLsV3U9RnIYo+Yn+peJYWu+D5tUS8qQ==",
      "requires": {
        "airbnb-prop-types": "^2.15.0",
        "consolidated-events": "^1.1.1 || ^2.0.0",
        "document.contains": "^1.0.1",
        "object.values": "^1.1.0",
        "prop-types": "^15.7.2"
      }
    },
    "reflect.ownkeys": {
      "version": "0.2.0",
      "resolved": "https://registry.npmjs.org/reflect.ownkeys/-/reflect.ownkeys-0.2.0.tgz",
      "integrity": "sha1-dJrO7H8/34tj+SegSAnpDFwLNGA="
    },
    "scheduler": {
      "version": "0.19.1",
      "resolved": "https://registry.npmjs.org/scheduler/-/scheduler-0.19.1.tgz",
      "integrity": "sha512-n/zwRWRYSUj0/3g/otKDRPMh6qv2SYMWNq85IEa8iZyAv8od9zDYpGSnpBEjNgcMNq6Scbu5KfIPxNF72R/2EA==",
      "requires": {
        "loose-envify": "^1.1.0",
        "object-assign": "^4.1.1"
      }
    },
    "string.prototype.trimend": {
      "version": "1.0.4",
      "resolved": "https://registry.npmjs.org/string.prototype.trimend/-/string.prototype.trimend-1.0.4.tgz",
      "integrity": "sha512-y9xCjw1P23Awk8EvTpcyL2NIr1j7wJ39f+k6lvRnSMz+mz9CGz9NYPelDk42kOz6+ql8xjfK8oYzy3jAP5QU5A==",
      "requires": {
        "call-bind": "^1.0.2",
        "define-properties": "^1.1.3"
      }
    },
    "string.prototype.trimstart": {
      "version": "1.0.4",
      "resolved": "https://registry.npmjs.org/string.prototype.trimstart/-/string.prototype.trimstart-1.0.4.tgz",
      "integrity": "sha512-jh6e984OBfvxS50tdY2nRZnoC5/mLFKOREQfw8t5yytkoUsJRNxvI/E39qu1sD0OtWI3OC0XgKSmcWwziwYuZw==",
      "requires": {
        "call-bind": "^1.0.2",
        "define-properties": "^1.1.3"
      }
    },
    "unbox-primitive": {
      "version": "1.0.1",
      "resolved": "https://registry.npmjs.org/unbox-primitive/-/unbox-primitive-1.0.1.tgz",
      "integrity": "sha512-tZU/3NqK3dA5gpE1KtyiJUrEB0lxnGkMFHptJ7q6ewdZ8s12QrODwNbhIJStmJkd1QDXa1NRA8aF2A1zk/Ypyw==",
      "requires": {
        "function-bind": "^1.1.1",
        "has-bigints": "^1.0.1",
        "has-symbols": "^1.0.2",
        "which-boxed-primitive": "^1.0.2"
      }
    },
    "which-boxed-primitive": {
      "version": "1.0.2",
      "resolved": "https://registry.npmjs.org/which-boxed-primitive/-/which-boxed-primitive-1.0.2.tgz",
      "integrity": "sha512-bwZdv0AKLpplFY2KZRX6TvyuN7ojjr7lwkg6ml0roIy9YeuSr7JS372qlNW18UQYzgYK9ziGcerWqZOmEn9VNg==",
      "requires": {
        "is-bigint": "^1.0.1",
        "is-boolean-object": "^1.1.0",
        "is-number-object": "^1.0.4",
        "is-string": "^1.0.5",
        "is-symbol": "^1.0.3"
      }
    }
  }
}
